
Microsoft Visual Studio Solution File, Format Version 12.00
# Visual Studio Version 17
VisualStudioVersion = 17.5.002.0
MinimumVisualStudioVersion = 10.0.40219.1
Project("{9A19103F-16F7-4668-BE54-9A1E7A4F7556}") = "PBT819", "PBT819.csproj", "{6164B806-BEB8-411D-8154-4AD1FDCACB1B}"
EndProject
Global
	GlobalSection(SolutionConfigurationPlatforms) = preSolution
		Debug|Any CPU = Debug|Any CPU
		Release|Any CPU = Release|Any CPU
	EndGlobalSection
	GlobalSection(ProjectConfigurationPlatforms) = postSolution
		{6164B806-BEB8-411D-8154-4AD1FDCACB1B}.Debug|Any CPU.ActiveCfg = Debug|Any CPU
		{6164B806-BEB8-411D-8154-4AD1FDCACB1B}.Debug|Any CPU.Build.0 = Debug|Any CPU
		{6164B806-BEB8-411D-8154-4AD1FDCACB1B}.Release|Any CPU.ActiveCfg = Release|Any CPU
		{6164B806-BEB8-411D-8154-4AD1FDCACB1B}.Release|Any CPU.Build.0 = Release|Any CPU
	EndGlobalSection
	GlobalSection(SolutionProperties) = preSolution
		HideSolutionNode = FALSE
	EndGlobalSection
	GlobalSection(ExtensibilityGlobals) = postSolution
		SolutionGuid = {DC562EA1-0C26-4DDC-840B-08EA2DBBDCAB}
	EndGlobalSection
EndGlobal
